{
	"name": "server",
	"lockfileVersion": 3,
	"requires": true,
	"packages": {
		"": {
			"dependencies": {
				"bcryptjs": "^3.0.3"
			},
			"devDependencies": {
				"@types/bcrypt": "^6.0.0",
				"@types/bcryptjs": "^2.4.6"
			}
		},
		"node_modules/.pnpm/@types+bcrypt@6.0.0": {
			"dev": true,
			"optional": true,
			"peer": true
		},
		"node_modules/.pnpm/@types+bcrypt@6.0.0/node_modules/@types/bcrypt": {
			"version": "6.0.0",
			"dev": true,
			"license": "MIT",
			"dependencies": {
				"@types/node": "*"
			}
		},
		"node_modules/.pnpm/@types+bcrypt@6.0.0/node_modules/@types/node": {
			"resolved": "node_modules/.pnpm/@types+node@25.6.0/node_modules/@types/node",
			"link": true
		},
		"node_modules/.pnpm/@types+node@25.6.0": {
			"dev": true,
			"optional": true,
			"peer": true
		},
		"node_modules/.pnpm/@types+node@25.6.0/node_modules/@types/node": {
			"version": "25.6.0",
			"dev": true,
			"license": "MIT",
			"dependencies": {
				"undici-types": "~7.19.0"
			}
		},
		"node_modules/.pnpm/@types+node@25.6.0/node_modules/undici-types": {
			"resolved": "node_modules/.pnpm/undici-types@7.19.2/node_modules/undici-types",
			"link": true
		},
		"node_modules/.pnpm/undici-types@7.19.2/node_modules/undici-types": {
			"version": "7.19.2",
			"dev": true,
			"license": "MIT"
		},
		"node_modules/@types/bcrypt": {
			"resolved": "node_modules/.pnpm/@types+bcrypt@6.0.0/node_modules/@types/bcrypt",
			"link": true
		},
		"node_modules/@types/bcryptjs": {
			"version": "2.4.6",
			"resolved": "https://registry.npmjs.org/@types/bcryptjs/-/bcryptjs-2.4.6.tgz",
			"integrity": "sha512-9xlo6R2qDs5uixm0bcIqCeMCE6HiQsIyel9KQySStiyqNl2tnj2mP3DX1Nf56MD6KMenNNlBBsy3LJ7gUEQPXQ==",
			"dev": true,
			"license": "MIT"
		},
		"node_modules/bcryptjs": {
			"version": "3.0.3",
			"resolved": "https://registry.npmjs.org/bcryptjs/-/bcryptjs-3.0.3.tgz",
			"integrity": "sha512-GlF5wPWnSa/X5LKM1o0wz0suXIINz1iHRLvTS+sLyi7XPbe5ycmYI3DlZqVGZZtDgl4DmasFg7gOB3JYbphV5g==",
			"license": "BSD-3-Clause",
			"bin": {
				"bcrypt": "bin/bcrypt"
			}
		}
	}
}
